// !$*UTF8*$!
{
	archiveVersion = 1;
	classes = {
	};
	objectVersion = 50;
	objects = {

/* Begin PBXBuildFile section */
		2B6DEB302162F69800888175 /* AppDelegate.swift in Sources */ = {isa = PBXBuildFile; fileRef = 2B6DEB2F2162F69800888175 /* AppDelegate.swift */; };
		2B6DEB322162F69800888175 /* ViewController.swift in Sources */ = {isa = PBXBuildFile; fileRef = 2B6DEB312162F69800888175 /* ViewController.swift */; };
		2B6DEB352162F69800888175 /* Main.storyboard in Resources */ = {isa = PBXBuildFile; fileRef = 2B6DEB332162F69800888175 /* Main.storyboard */; };
		2B6DEB372162F69A00888175 /* Assets.xcassets in Resources */ = {isa = PBXBuildFile; fileRef = 2B6DEB362162F69A00888175 /* Assets.xcassets */; };
		2B6DEB3A2162F69A00888175 /* LaunchScreen.storyboard in Resources */ = {isa = PBXBuildFile; fileRef = 2B6DEB382162F69A00888175 /* LaunchScreen.storyboard */; };
		2B6DEB452162F69A00888175 /* DietAppTests.swift in Sources */ = {isa = PBXBuildFile; fileRef = 2B6DEB442162F69A00888175 /* DietAppTests.swift */; };
		2B6DEB502162F69A00888175 /* DietAppUITests.swift in Sources */ = {isa = PBXBuildFile; fileRef = 2B6DEB4F2162F69A00888175 /* DietAppUITests.swift */; };
/* End PBXBuildFile section */

/* Begin PBXContainerItemProxy section */
		2B6DEB412162F69A00888175 /* PBXContainerItemProxy */ = {
			isa = PBXContainerItemProxy;
			containerPortal = 2B6DEB242162F69800888175 /* Project object */;
			proxyType = 1;
			remoteGlobalIDString = 2B6DEB2B2162F69800888175;
			remoteInfo = DietApp;
		};
		2B6DEB4C2162F69A00888175 /* PBXContainerItemProxy */ = {
			isa = PBXContainerItemProxy;
			containerPortal = 2B6DEB242162F69800888175 /* Project object */;
			proxyType = 1;
			remoteGlobalIDString = 2B6DEB2B2162F69800888175;
			remoteInfo = DietApp;
		};
/* End PBXContainerItemProxy section */

/* Begin PBXFileReference section */
		2B6DEB2C2162F69800888175 /* DietApp.app */ = {isa = PBXFileReference; explicitFileType = wrapper.application; includeInIndex = 0; path = DietApp.app; sourceTree = BUILT_PRODUCTS_DIR; };
		2B6DEB2F2162F69800888175 /* AppDelegate.swift */ = {isa = PBXFileReference; lastKnownFileType = sourcecode.swift; path = AppDelegate.swift; sourceTree = "<group>"; };
		2B6DEB312162F69800888175 /* ViewController.swift */ = {isa = PBXFileReference; lastKnownFileType = sourcecode.swift; path = ViewController.swift; sourceTree = "<group>"; };
		2B6DEB342162F69800888175 /* Base */ = {isa = PBXFileReference; lastKnownFileType = file.storyboard; name = Base; path = Base.lproj/Main.storyboard; sourceTree = "<group>"; };
		2B6DEB362162F69A00888175 /* Assets.xcassets */ = {isa = PBXFileReference; lastKnownFileType = folder.assetcatalog; path = Assets.xcassets; sourceTree = "<group>"; };
		2B6DEB392162F69A00888175 /* Base */ = {isa = PBXFileReference; lastKnownFileType = file.storyboard; name = Base; path = Base.lproj/LaunchScreen.storyboard; sourceTree = "<group>"; };
		2B6DEB3B2162F69A00888175 /* Info.plist */ = {isa = PBXFileReference; lastKnownFileType = text.plist.xml; path = Info.plist; sourceTree = "<group>"; };
		2B6DEB402162F69A00888175 /* DietAppTests.xctest */ = {isa = PBXFileReference; explicitFileType = wrapper.cfbundle; includeInIndex = 0; path = DietAppTests.xctest; sourceTree = BUILT_PRODUCTS_DIR; };
		2B6DEB442162F69A00888175 /* DietAppTests.swift */ = {isa = PBXFileReference; lastKnownFileType = sourcecode.swift; path = DietAppTests.swift; sourceTree = "<group>"; };
		2B6DEB462162F69A00888175 /* Info.plist */ = {isa = PBXFileReference; lastKnownFileType = text.plist.xml; path = Info.plist; sourceTree = "<group>"; };
		2B6DEB4B2162F69A00888175 /* DietAppUITests.xctest */ = {isa = PBXFileReference; explicitFileType = wrapper.cfbundle; includeInIndex = 0; path = DietAppUITests.xctest; sourceTree = BUILT_PRODUCTS_DIR; };
		2B6DEB4F2162F69A00888175 /* DietAppUITests.swift */ = {isa = PBXFileReference; lastKnownFileType = sourcecode.swift; path = DietAppUITests.swift; sourceTree = "<group>"; };
		2B6DEB512162F69A00888175 /* Info.plist */ = {isa = PBXFileReference; lastKnownFileType = text.plist.xml; path = Info.plist; sourceTree = "<group>"; };
/* End PBXFileReference section */

/* Begin PBXFrameworksBuildPhase section */
		2B6DEB292162F69800888175 /* Frameworks */ = {
			isa = PBXFrameworksBuildPhase;
			buildActionMask = 2147483647;
			files = (
			);
			runOnlyForDeploymentPostprocessing = 0;
		};
		2B6DEB3D2162F69A00888175 /* Frameworks */ = {
			isa = PBXFrameworksBuildPhase;
			buildActionMask = 2147483647;
			files = (
			);
			runOnlyForDeploymentPostprocessing = 0;
		};
		2B6DEB482162F69A00888175 /* Frameworks */ = {
			isa = PBXFrameworksBuildPhase;
			buildActionMask = 2147483647;
			files = (
			);
			runOnlyForDeploymentPostprocessing = 0;
		};
/* End PBXFrameworksBuildPhase section */

/* Begin PBXGroup section */
		2B6DEB232162F69800888175 = {
			isa = PBXGroup;
			children = (
				2B6DEB2E2162F69800888175 /* DietApp */,
				2B6DEB432162F69A00888175 /* DietAppTests */,
				2B6DEB4E2162F69A00888175 /* DietAppUITests */,
				2B6DEB2D2162F69800888175 /* Products */,
			);
			sourceTree = "<group>";
		};
		2B6DEB2D2162F69800888175 /* Products */ = {
			isa = PBXGroup;
			children = (
				2B6DEB2C2162F69800888175 /* DietApp.app */,
				2B6DEB402162F69A00888175 /* DietAppTests.xctest */,
				2B6DEB4B2162F69A00888175 /* DietAppUITests.xctest */,
			);
			name = Products;
			sourceTree = "<group>";
		};
		2B6DEB2E2162F69800888175 /* DietApp */ = {
			isa = PBXGroup;
			children = (
				2B6DEB2F2162F69800888175 /* AppDelegate.swift */,
				2B6DEB312162F69800888175 /* ViewController.swift */,
				2B6DEB332162F69800888175 /* Main.storyboard */,
				2B6DEB362162F69A00888175 /* Assets.xcassets */,
				2B6DEB382162F69A00888175 /* LaunchScreen.storyboard */,
				2B6DEB3B2162F69A00888175 /* Info.plist */,
			);
			path = DietApp;
			sourceTree = "<group>";
		};
		2B6DEB432162F69A00888175 /* DietAppTests */ = {
			isa = PBXGroup;
			children = (
				2B6DEB442162F69A00888175 /* DietAppTests.swift */,
				2B6DEB462162F69A00888175 /* Info.plist */,
			);
			path = DietAppTests;
			sourceTree = "<group>";
		};
		2B6DEB4E2162F69A00888175 /* DietAppUITests */ = {
			isa = PBXGroup;
			children = (
				2B6DEB4F2162F69A00888175 /* DietAppUITests.swift */,
				2B6DEB512162F69A00888175 /* Info.plist */,
			);
			path = DietAppUITests;
			sourceTree = "<group>";
		};
/* End PBXGroup section */

/* Begin PBXNativeTarget section */
		2B6DEB2B2162F69800888175 /* DietApp */ = {
			isa = PBXNativeTarget;
			buildConfigurationList = 2B6DEB542162F69A00888175 /* Build configuration list for PBXNativeTarget "DietApp" */;
			buildPhases = (
				2B6DEB282162F69800888175 /* Sources */,
				2B6DEB292162F69800888175 /* Frameworks */,
				2B6DEB2A2162F69800888175 /* Resources */,
			);
			buildRules = (
			);
			dependencies = (
			);
			name = DietApp;
			productName = DietApp;
			productReference = 2B6DEB2C2162F69800888175 /* DietApp.app */;
			productType = "com.apple.product-type.application";
		};
		2B6DEB3F2162F69A00888175 /* DietAppTests */ = {
			isa = PBXNativeTarget;
			buildConfigurationList = 2B6DEB572162F69A00888175 /* Build configuration list for PBXNativeTarget "DietAppTests" */;
			buildPhases = (
				2B6DEB3C2162F69A00888175 /* Sources */,
				2B6DEB3D2162F69A00888175 /* Frameworks */,
				2B6DEB3E2162F69A00888175 /* Resources */,
			);
			buildRules = (
			);
			dependencies = (
				2B6DEB422162F69A00888175 /* PBXTargetDependency */,
			);
			name = DietAppTests;
			productName = DietAppTests;
			productReference = 2B6DEB402162F69A00888175 /* DietAppTests.xctest */;
			productType = "com.apple.product-type.bundle.unit-test";
		};
		2B6DEB4A2162F69A00888175 /* DietAppUITests */ = {
			isa = PBXNativeTarget;
			buildConfigurationList = 2B6DEB5A2162F69A00888175 /* Build configuration list for PBXNativeTarget "DietAppUITests" */;
			buildPhases = (
				2B6DEB472162F69A00888175 /* Sources */,
				2B6DEB482162F69A00888175 /* Frameworks */,
				2B6DEB492162F69A00888175 /* Resources */,
			);
			buildRules = (
			);
			dependencies = (
				2B6DEB4D2162F69A00888175 /* PBXTargetDependency */,
			);
			name = DietAppUITests;
			productName = DietAppUITests;
			productReference = 2B6DEB4B2162F69A00888175 /* DietAppUITests.xctest */;
			productType = "com.apple.product-type.bundle.ui-testing";
		};
/* End PBXNativeTarget section */

/* Begin PBXProject section */
		2B6DEB242162F69800888175 /* Project object */ = {
			isa = PBXProject;
			attributes = {
				LastSwiftUpdateCheck = 1000;
				LastUpgradeCheck = 1000;
				ORGANIZATIONNAME = Mika;
				TargetAttributes = {
					2B6DEB2B2162F69800888175 = {
						CreatedOnToolsVersion = 10.0;
					};
					2B6DEB3F2162F69A00888175 = {
						CreatedOnToolsVersion = 10.0;
						TestTargetID = 2B6DEB2B2162F69800888175;
					};
					2B6DEB4A2162F69A00888175 = {
						CreatedOnToolsVersion = 10.0;
						TestTargetID = 2B6DEB2B2162F69800888175;
					};
				};
			};
			buildConfigurationList = 2B6DEB272162F69800888175 /* Build configuration list for PBXProject "DietApp" */;
			compatibilityVersion = "Xcode 9.3";
			developmentRegion = en;
			hasScannedForEncodings = 0;
			knownRegions = (
				en,
				Base,
			);
			mainGroup = 2B6DEB232162F69800888175;
			productRefGroup = 2B6DEB2D2162F69800888175 /* Products */;
			projectDirPath = "";
			projectRoot = "";
			targets = (
				2B6DEB2B2162F69800888175 /* DietApp */,
				2B6DEB3F2162F69A00888175 /* DietAppTests */,
				2B6DEB4A2162F69A00888175 /* DietAppUITests */,
			);
		};
/* End PBXProject section */

/* Begin PBXResourcesBuildPhase section */
		2B6DEB2A2162F69800888175 /* Resources */ = {
			isa = PBXResourcesBuildPhase;
			buildActionMask = 2147483647;
			files = (
				2B6DEB3A2162F69A00888175 /* LaunchScreen.storyboard in Resources */,
				2B6DEB372162F69A00888175 /* Assets.xcassets in Resources */,
				2B6DEB352162F69800888175 /* Main.storyboard in Resources */,
			);
			runOnlyForDeploymentPostprocessing = 0;
		};
		2B6DEB3E2162F69A00888175 /* Resources */ = {
			isa = PBXResourcesBuildPhase;
			buildActionMask = 2147483647;
			files = (
			);
			runOnlyForDeploymentPostprocessing = 0;
		};
		2B6DEB492162F69A00888175 /* Resources */ = {
			isa = PBXResourcesBuildPhase;
			buildActionMask = 2147483647;
			files = (
			);
			runOnlyForDeploymentPostprocessing = 0;
		};
/* End PBXResourcesBuildPhase section */

/* Begin PBXSourcesBuildPhase section */
		2B6DEB282162F69800888175 /* Sources */ = {
			isa = PBXSourcesBuildPhase;
			buildActionMask = 2147483647;
			files = (
				2B6DEB322162F69800888175 /* ViewController.swift in Sources */,
				2B6DEB302162F69800888175 /* AppDelegate.swift in Sources */,
			);
			runOnlyForDeploymentPostprocessing = 0;
		};
		2B6DEB3C2162F69A00888175 /* Sources */ = {
			isa = PBXSourcesBuildPhase;
			buildActionMask = 2147483647;
			files = (
				2B6DEB452162F69A00888175 /* DietAppTests.swift in Sources */,
			);
			runOnlyForDeploymentPostprocessing = 0;
		};
		2B6DEB472162F69A00888175 /* Sources */ = {
			isa = PBXSourcesBuildPhase;
			buildActionMask = 2147483647;
			files = (
				2B6DEB502162F69A00888175 /* DietAppUITests.swift in Sources */,
			);
			runOnlyForDeploymentPostprocessing = 0;
		};
/* End PBXSourcesBuildPhase section */

/* Begin PBXTargetDependency section */
		2B6DEB422162F69A00888175 /* PBXTargetDependency */ = {
			isa = PBXTargetDependency;
			target = 2B6DEB2B2162F69800888175 /* DietApp */;
			targetProxy = 2B6DEB412162F69A00888175 /* PBXContainerItemProxy */;
		};
		2B6DEB4D2162F69A00888175 /* PBXTargetDependency */ = {
			isa = PBXTargetDependency;
			target = 2B6DEB2B2162F69800888175 /* DietApp */;
			targetProxy = 2B6DEB4C2162F69A00888175 /* PBXContainerItemProxy */;
		};
/* End PBXTargetDependency section */

/* Begin PBXVariantGroup section */
		2B6DEB332162F69800888175 /* Main.storyboard */ = {
			isa = PBXVariantGroup;
			children = (
				2B6DEB342162F69800888175 /* Base */,
			);
			name = Main.storyboard;
			sourceTree = "<group>";
		};
		2B6DEB382162F69A00888175 /* LaunchScreen.storyboard */ = {
			isa = PBXVariantGroup;
			children = (
				2B6DEB392162F69A00888175 /* Base */,
			);
			name = LaunchScreen.storyboard;
			sourceTree = "<group>";
		};
/* End PBXVariantGroup section */

/* Begin XCBuildConfiguration section */
		2B6DEB522162F69A00888175 /* Debug */ = {
			isa = XCBuildConfiguration;
			buildSettings = {
				ALWAYS_SEARCH_USER_PATHS = NO;
				CLANG_ANALYZER_NONNULL = YES;
				CLANG_ANALYZER_NUMBER_OBJECT_CONVERSION = YES_AGGRESSIVE;
				CLANG_CXX_LANGUAGE_STANDARD = "gnu++14";
				CLANG_CXX_LIBRARY = "libc++";
				CLANG_ENABLE_MODULES = YES;
				CLANG_ENABLE_OBJC_ARC = YES;
				CLANG_ENABLE_OBJC_WEAK = YES;
				CLANG_WARN_BLOCK_CAPTURE_AUTORELEASING = YES;
				CLANG_WARN_BOOL_CONVERSION = YES;
				CLANG_WARN_COMMA = YES;
				CLANG_WARN_CONSTANT_CONVERSION = YES;
				CLANG_WARN_DEPRECATED_OBJC_IMPLEMENTATIONS = YES;
				CLANG_WARN_DIRECT_OBJC_ISA_USAGE = YES_ERROR;
				CLANG_WARN_DOCUMENTATION_COMMENTS = YES;
				CLANG_WARN_EMPTY_BODY = YES;
				CLANG_WARN_ENUM_CONVERSION = YES;
				CLANG_WARN_INFINITE_RECURSION = YES;
				CLANG_WARN_INT_CONVERSION = YES;
				CLANG_WARN_NON_LITERAL_NULL_CONVERSION = YES;
				CLANG_WARN_OBJC_IMPLICIT_RETAIN_SELF = YES;
				CLANG_WARN_OBJC_LITERAL_CONVERSION = YES;
				CLANG_WARN_OBJC_ROOT_CLASS = YES_ERROR;
				CLANG_WARN_RANGE_LOOP_ANALYSIS = YES;
				CLANG_WARN_STRICT_PROTOTYPES = YES;
				CLANG_WARN_SUSPICIOUS_MOVE = YES;
				CLANG_WARN_UNGUARDED_AVAILABILITY = YES_AGGRESSIVE;
				CLANG_WARN_UNREACHABLE_CODE = YES;
				CLANG_WARN__DUPLICATE_METHOD_MATCH = YES;
				CODE_SIGN_IDENTITY = "iPhone Developer";
				COPY_PHASE_STRIP = NO;
				DEBUG_INFORMATION_FORMAT = dwarf;
				ENABLE_STRICT_OBJC_MSGSEND = YES;
				ENABLE_TESTABILITY = YES;
				GCC_C_LANGUAGE_STANDARD = gnu11;
				GCC_DYNAMIC_NO_PIC = NO;
				GCC_NO_COMMON_BLOCKS = YES;
				GCC_OPTIMIZATION_LEVEL = 0;
				GCC_PREPROCESSOR_DEFINITIONS = (
					"DEBUG=1",
					"$(inherited)",
				);
				GCC_WARN_64_TO_32_BIT_CONVERSION = YES;
				GCC_WARN_ABOUT_RETURN_TYPE = YES_ERROR;
				GCC_WARN_UNDECLARED_SELECTOR = YES;
				GCC_WARN_UNINITIALIZED_AUTOS = YES_AGGRESSIVE;
				GCC_WARN_UNUSED_FUNCTION = YES;
				GCC_WARN_UNUSED_VARIABLE = YES;
				IPHONEOS_DEPLOYMENT_TARGET = 12.0;
				MTL_ENABLE_DEBUG_INFO = INCLUDE_SOURCE;
				MTL_FAST_MATH = YES;
				ONLY_ACTIVE_ARCH = YES;
				SDKROOT = iphoneos;
				SWIFT_ACTIVE_COMPILATION_CONDITIONS = DEBUG;
				SWIFT_OPTIMIZATION_LEVEL = "-Onone";
			};
			name = Debug;
		};
		2B6DEB532162F69A00888175 /* Release */ = {
			isa = XCBuildConfiguration;
			buildSettings = {
				ALWAYS_SEARCH_USER_PATHS = NO;
				CLANG_ANALYZER_NONNULL = YES;
				CLANG_ANALYZER_NUMBER_OBJECT_CONVERSION = YES_AGGRESSIVE;
				CLANG_CXX_LANGUAGE_STANDARD = "gnu++14";
				CLANG_CXX_LIBRARY = "libc++";
				CLANG_ENABLE_MODULES = YES;
				CLANG_ENABLE_OBJC_ARC = YES;
				CLANG_ENABLE_OBJC_WEAK = YES;
				CLANG_WARN_BLOCK_CAPTURE_AUTORELEASING = YES;
				CLANG_WARN_BOOL_CONVERSION = YES;
				CLANG_WARN_COMMA = YES;
				CLANG_WARN_CONSTANT_CONVERSION = YES;
				CLANG_WARN_DEPRECATED_OBJC_IMPLEMENTATIONS = YES;
				CLANG_WARN_DIRECT_OBJC_ISA_USAGE = YES_ERROR;
				CLANG_WARN_DOCUMENTATION_COMMENTS = YES;
				CLANG_WARN_EMPTY_BODY = YES;
				CLANG_WARN_ENUM_CONVERSION = YES;
				CLANG_WARN_INFINITE_RECURSION = YES;
				CLANG_WARN_INT_CONVERSION = YES;
				CLANG_WARN_NON_LITERAL_NULL_CONVERSION = YES;
				CLANG_WARN_OBJC_IMPLICIT_RETAIN_SELF = YES;
				CLANG_WARN_OBJC_LITERAL_CONVERSION = YES;
				CLANG_WARN_OBJC_ROOT_CLASS = YES_ERROR;
				CLANG_WARN_RANGE_LOOP_ANALYSIS = YES;
				CLANG_WARN_STRICT_PROTOTYPES = YES;
				CLANG_WARN_SUSPICIOUS_MOVE = YES;
				CLANG_WARN_UNGUARDED_AVAILABILITY = YES_AGGRESSIVE;
				CLANG_WARN_UNREACHABLE_CODE = YES;
				CLANG_WARN__DUPLICATE_METHOD_MATCH = YES;
				CODE_SIGN_IDENTITY = "iPhone Developer";
				COPY_PHASE_STRIP = NO;
				DEBUG_INFORMATION_FORMAT = "dwarf-with-dsym";
				ENABLE_NS_ASSERTIONS = NO;
				ENABLE_STRICT_OBJC_MSGSEND = YES;
				GCC_C_LANGUAGE_STANDARD = gnu11;
				GCC_NO_COMMON_BLOCKS = YES;
				GCC_WARN_64_TO_32_BIT_CONVERSION = YES;
				GCC_WARN_ABOUT_RETURN_TYPE = YES_ERROR;
				GCC_WARN_UNDECLARED_SELECTOR = YES;
				GCC_WARN_UNINITIALIZED_AUTOS = YES_AGGRESSIVE;
				GCC_WARN_UNUSED_FUNCTION = YES;
				GCC_WARN_UNUSED_VARIABLE = YES;
				IPHONEOS_DEPLOYMENT_TARGET = 12.0;
				MTL_ENABLE_DEBUG_INFO = NO;
				MTL_FAST_MATH = YES;
				SDKROOT = iphoneos;
				SWIFT_COMPILATION_MODE = wholemodule;
				SWIFT_OPTIMIZATION_LEVEL = "-O";
				VALIDATE_PRODUCT = YES;
			};
			name = Release;
		};
		2B6DEB552162F69A00888175 /* Debug */ = {
			isa = XCBuildConfiguration;
			buildSettings = {
				ASSETCATALOG_COMPILER_APPICON_NAME = AppIcon;
				CODE_SIGN_STYLE = Automatic;
				INFOPLIST_FILE = DietApp/Info.plist;
				LD_RUNPATH_SEARCH_PATHS = (
					"$(inherited)",
					"@executable_path/Frameworks",
				);
				PRODUCT_BUNDLE_IDENTIFIER = com.lit.DietApp;
				PRODUCT_NAME = "$(TARGET_NAME)";
				SWIFT_VERSION = 4.2;
				TARGETED_DEVICE_FAMILY = "1,2";
			};
			name = Debug;
		};
		2B6DEB562162F69A00888175 /* Release */ = {
			isa = XCBuildConfiguration;
			buildSettings = {
				ASSETCATALOG_COMPILER_APPICON_NAME = AppIcon;
				CODE_SIGN_STYLE = Automatic;
				INFOPLIST_FILE = DietApp/Info.plist;
				LD_RUNPATH_SEARCH_PATHS = (
					"$(inherited)",
					"@executable_path/Frameworks",
				);
				PRODUCT_BUNDLE_IDENTIFIER = com.lit.DietApp;
				PRODUCT_NAME = "$(TARGET_NAME)";
				SWIFT_VERSION = 4.2;
				TARGETED_DEVICE_FAMILY = "1,2";
			};
			name = Release;
		};
		2B6DEB582162F69A00888175 /* Debug */ = {
			isa = XCBuildConfiguration;
			buildSettings = {
				ALWAYS_EMBED_SWIFT_STANDARD_LIBRARIES = YES;
				BUNDLE_LOADER = "$(TEST_HOST)";
				CODE_SIGN_STYLE = Automatic;
				INFOPLIST_FILE = DietAppTests/Info.plist;
				LD_RUNPATH_SEARCH_PATHS = (
					"$(inherited)",
					"@executable_path/Frameworks",
					"@loader_path/Frameworks",
				);
				PRODUCT_BUNDLE_IDENTIFIER = com.lit.DietAppTests;
				PRODUCT_NAME = "$(TARGET_NAME)";
				SWIFT_VERSION = 4.2;
				TARGETED_DEVICE_FAMILY = "1,2";
				TEST_HOST = "$(BUILT_PRODUCTS_DIR)/DietApp.app/DietApp";
			};
			name = Debug;
		};
		2B6DEB592162F69A00888175 /* Release */ = {
			isa = XCBuildConfiguration;
			buildSettings = {
				ALWAYS_EMBED_SWIFT_STANDARD_LIBRARIES = YES;
				BUNDLE_LOADER = "$(TEST_HOST)";
				CODE_SIGN_STYLE = Automatic;
				INFOPLIST_FILE = DietAppTests/Info.plist;
				LD_RUNPATH_SEARCH_PATHS = (
					"$(inherited)",
					"@executable_path/Frameworks",
					"@loader_path/Frameworks",
				);
				PRODUCT_BUNDLE_IDENTIFIER = com.lit.DietAppTests;
				PRODUCT_NAME = "$(TARGET_NAME)";
				SWIFT_VERSION = 4.2;
				TARGETED_DEVICE_FAMILY = "1,2";
				TEST_HOST = "$(BUILT_PRODUCTS_DIR)/DietApp.app/DietApp";
			};
			name = Release;
		};
		2B6DEB5B2162F69A00888175 /* Debug */ = {
			isa = XCBuildConfiguration;
			buildSettings = {
				ALWAYS_EMBED_SWIFT_STANDARD_LIBRARIES = YES;
				CODE_SIGN_STYLE = Automatic;
				INFOPLIST_FILE = DietAppUITests/Info.plist;
				LD_RUNPATH_SEARCH_PATHS = (
					"$(inherited)",
					"@executable_path/Frameworks",
					"@loader_path/Frameworks",
				);
				PRODUCT_BUNDLE_IDENTIFIER = com.lit.DietAppUITests;
				PRODUCT_NAME = "$(TARGET_NAME)";
				SWIFT_VERSION = 4.2;
				TARGETED_DEVICE_FAMILY = "1,2";
				TEST_TARGET_NAME = DietApp;
			};
			name = Debug;
		};
		2B6DEB5C2162F69A00888175 /* Release */ = {
			isa = XCBuildConfiguration;
			buildSettings = {
				ALWAYS_EMBED_SWIFT_STANDARD_LIBRARIES = YES;
				CODE_SIGN_STYLE = Automatic;
				INFOPLIST_FILE = DietAppUITests/Info.plist;
				LD_RUNPATH_SEARCH_PATHS = (
					"$(inherited)",
					"@executable_path/Frameworks",
					"@loader_path/Frameworks",
				);
				PRODUCT_BUNDLE_IDENTIFIER = com.lit.DietAppUITests;
				PRODUCT_NAME = "$(TARGET_NAME)";
				SWIFT_VERSION = 4.2;
				TARGETED_DEVICE_FAMILY = "1,2";
				TEST_TARGET_NAME = DietApp;
			};
			name = Release;
		};
/* End XCBuildConfiguration section */

/* Begin XCConfigurationList section */
		2B6DEB272162F69800888175 /* Build configuration list for PBXProject "DietApp" */ = {
			isa = XCConfigurationList;
			buildConfigurations = (
				2B6DEB522162F69A00888175 /* Debug */,
				2B6DEB532162F69A00888175 /* Release */,
			);
			defaultConfigurationIsVisible = 0;
			defaultConfigurationName = Release;
		};
		2B6DEB542162F69A00888175 /* Build configuration list for PBXNativeTarget "DietApp" */ = {
			isa = XCConfigurationList;
			buildConfigurations = (
				2B6DEB552162F69A00888175 /* Debug */,
				2B6DEB562162F69A00888175 /* Release */,
			);
			defaultConfigurationIsVisible = 0;
			defaultConfigurationName = Release;
		};
		2B6DEB572162F69A00888175 /* Build configuration list for PBXNativeTarget "DietAppTests" */ = {
			isa = XCConfigurationList;
			buildConfigurations = (
				2B6DEB582162F69A00888175 /* Debug */,
				2B6DEB592162F69A00888175 /* Release */,
			);
			defaultConfigurationIsVisible = 0;
			defaultConfigurationName = Release;
		};
		2B6DEB5A2162F69A00888175 /* Build configuration list for PBXNativeTarget "DietAppUITests" */ = {
			isa = XCConfigurationList;
			buildConfigurations = (
				2B6DEB5B2162F69A00888175 /* Debug */,
				2B6DEB5C2162F69A00888175 /* Release */,
			);
			defaultConfigurationIsVisible = 0;
			defaultConfigurationName = Release;
		};
/* End XCConfigurationList section */
	};
	rootObject = 2B6DEB242162F69800888175 /* Project object */;
}
